
Microsoft Visual Studio Solution File, Format Version 12.00
# Visual Studio 15
Project("{FAE04EC0-301F-11D3-BF4B-00C04F79EFBC}") = "Unity.XR.Interaction.Toolkit.Samples.StarterAssets", "Unity.XR.Interaction.Toolkit.Samples.StarterAssets.csproj", "{004F8C19-1C56-E1C9-C296-B2C5C0DE11BC}"
EndProject
Project("{FAE04EC0-301F-11D3-BF4B-00C04F79EFBC}") = "Assembly-CSharp", "Assembly-CSharp.csproj", "{DE047B82-BEE1-E696-EACF-F8F110E748B4}"
EndProject
Project("{FAE04EC0-301F-11D3-BF4B-00C04F79EFBC}") = "Assembly-CSharp-Editor", "Assembly-CSharp-Editor.csproj", "{396A561D-F323-48A1-CD5B-B5A7518274FD}"
EndProject
Global
	GlobalSection(SolutionConfigurationPlatforms) = preSolution
		Debug|Any CPU = Debug|Any CPU
		Release|Any CPU = Release|Any CPU
	EndGlobalSection
	GlobalSection(ProjectConfigurationPlatforms) = postSolution
		{004F8C19-1C56-E1C9-C296-B2C5C0DE11BC}.Debug|Any CPU.ActiveCfg = Debug|Any CPU
		{004F8C19-1C56-E1C9-C296-B2C5C0DE11BC}.Debug|Any CPU.Build.0 = Debug|Any CPU
		{004F8C19-1C56-E1C9-C296-B2C5C0DE11BC}.Release|Any CPU.ActiveCfg = Release|Any CPU
		{004F8C19-1C56-E1C9-C296-B2C5C0DE11BC}.Release|Any CPU.Build.0 = Release|Any CPU
		{DE047B82-BEE1-E696-EACF-F8F110E748B4}.Debug|Any CPU.ActiveCfg = Debug|Any CPU
		{DE047B82-BEE1-E696-EACF-F8F110E748B4}.Debug|Any CPU.Build.0 = Debug|Any CPU
		{DE047B82-BEE1-E696-EACF-F8F110E748B4}.Release|Any CPU.ActiveCfg = Release|Any CPU
		{DE047B82-BEE1-E696-EACF-F8F110E748B4}.Release|Any CPU.Build.0 = Release|Any CPU
		{396A561D-F323-48A1-CD5B-B5A7518274FD}.Debug|Any CPU.ActiveCfg = Debug|Any CPU
		{396A561D-F323-48A1-CD5B-B5A7518274FD}.Debug|Any CPU.Build.0 = Debug|Any CPU
		{396A561D-F323-48A1-CD5B-B5A7518274FD}.Release|Any CPU.ActiveCfg = Release|Any CPU
		{396A561D-F323-48A1-CD5B-B5A7518274FD}.Release|Any CPU.Build.0 = Release|Any CPU
	EndGlobalSection
	GlobalSection(SolutionProperties) = preSolution
		HideSolutionNode = FALSE
	EndGlobalSection
EndGlobal
